
Microsoft Visual Studio Solution File, Format Version 12.00
# Visual Studio Version 17
VisualStudioVersion = 17.7.34018.315
MinimumVisualStudioVersion = 10.0.40219.1
Project("{FAE04EC0-301F-11D3-BF4B-00C04F79EFBC}") = "Phoenix.Models", "Phoenix.Models\Phoenix.Models.csproj", "{C04F45CA-2717-4BD3-B653-060F82A424AD}"
EndProject
Global
	GlobalSection(SolutionConfigurationPlatforms) = preSolution
		Debug|Any CPU = Debug|Any CPU
		Release|Any CPU = Release|Any CPU
	EndGlobalSection
	GlobalSection(ProjectConfigurationPlatforms) = postSolution
		{C04F45CA-2717-4BD3-B653-060F82A424AD}.Debug|Any CPU.ActiveCfg = Debug|Any CPU
		{C04F45CA-2717-4BD3-B653-060F82A424AD}.Debug|Any CPU.Build.0 = Debug|Any CPU
		{C04F45CA-2717-4BD3-B653-060F82A424AD}.Release|Any CPU.ActiveCfg = Release|Any CPU
		{C04F45CA-2717-4BD3-B653-060F82A424AD}.Release|Any CPU.Build.0 = Release|Any CPU
	EndGlobalSection
	GlobalSection(SolutionProperties) = preSolution
		HideSolutionNode = FALSE
	EndGlobalSection
	GlobalSection(ExtensibilityGlobals) = postSolution
		SolutionGuid = {EA11CE21-F2ED-4364-A499-5FEC6EBB5727}
	EndGlobalSection
EndGlobal
